
Microsoft Visual Studio Solution File, Format Version 12.00
# Visual Studio Version 16
VisualStudioVersion = 16.0.30002.166
MinimumVisualStudioVersion = 10.0.40219.1
Project("{FAE04EC0-301F-11D3-BF4B-00C04F79EFBC}") = "Verifica_29_04_2020", "Verifica_29_04_2020\Verifica_29_04_2020.csproj", "{AE5B66FC-47E4-4BC6-BA8C-6A687C19DC62}"
EndProject
Global
	GlobalSection(SolutionConfigurationPlatforms) = preSolution
		Debug|Any CPU = Debug|Any CPU
		Release|Any CPU = Release|Any CPU
	EndGlobalSection
	GlobalSection(ProjectConfigurationPlatforms) = postSolution
		{AE5B66FC-47E4-4BC6-BA8C-6A687C19DC62}.Debug|Any CPU.ActiveCfg = Debug|Any CPU
		{AE5B66FC-47E4-4BC6-BA8C-6A687C19DC62}.Debug|Any CPU.Build.0 = Debug|Any CPU
		{AE5B66FC-47E4-4BC6-BA8C-6A687C19DC62}.Release|Any CPU.ActiveCfg = Release|Any CPU
		{AE5B66FC-47E4-4BC6-BA8C-6A687C19DC62}.Release|Any CPU.Build.0 = Release|Any CPU
	EndGlobalSection
	GlobalSection(SolutionProperties) = preSolution
		HideSolutionNode = FALSE
	EndGlobalSection
	GlobalSection(ExtensibilityGlobals) = postSolution
		SolutionGuid = {BE323BF2-4BE6-41EF-A259-A552AF2EC95C}
	EndGlobalSection
EndGlobal
