
Microsoft Visual Studio Solution File, Format Version 12.00
# Visual Studio Version 16
VisualStudioVersion = 16.0.30002.166
MinimumVisualStudioVersion = 10.0.40219.1
Project("{FAE04EC0-301F-11D3-BF4B-00C04F79EFBC}") = "Northwind.Vendrame.EFWeb", "Northwind.Vendrame.EFWeb\Northwind.Vendrame.EFWeb.csproj", "{9824657B-0722-437C-AC51-9AD398653C75}"
EndProject
Project("{FAE04EC0-301F-11D3-BF4B-00C04F79EFBC}") = "Northwind.Vendrame.Data", "Northwind.Vendrame.Data\Northwind.Vendrame.Data.csproj", "{E4A26E49-2593-45CB-968C-2939B864548A}"
EndProject
Project("{FAE04EC0-301F-11D3-BF4B-00C04F79EFBC}") = "Northwind.Vendrame.Models", "Northwind.Vendrame.Models\Northwind.Vendrame.Models.csproj", "{FBD99AFF-C5C3-4788-8005-B349ED95F85E}"
EndProject
Global
	GlobalSection(SolutionConfigurationPlatforms) = preSolution
		Debug|Any CPU = Debug|Any CPU
		Release|Any CPU = Release|Any CPU
	EndGlobalSection
	GlobalSection(ProjectConfigurationPlatforms) = postSolution
		{9824657B-0722-437C-AC51-9AD398653C75}.Debug|Any CPU.ActiveCfg = Debug|Any CPU
		{9824657B-0722-437C-AC51-9AD398653C75}.Debug|Any CPU.Build.0 = Debug|Any CPU
		{9824657B-0722-437C-AC51-9AD398653C75}.Release|Any CPU.ActiveCfg = Release|Any CPU
		{9824657B-0722-437C-AC51-9AD398653C75}.Release|Any CPU.Build.0 = Release|Any CPU
		{E4A26E49-2593-45CB-968C-2939B864548A}.Debug|Any CPU.ActiveCfg = Debug|Any CPU
		{E4A26E49-2593-45CB-968C-2939B864548A}.Debug|Any CPU.Build.0 = Debug|Any CPU
		{E4A26E49-2593-45CB-968C-2939B864548A}.Release|Any CPU.ActiveCfg = Release|Any CPU
		{E4A26E49-2593-45CB-968C-2939B864548A}.Release|Any CPU.Build.0 = Release|Any CPU
		{FBD99AFF-C5C3-4788-8005-B349ED95F85E}.Debug|Any CPU.ActiveCfg = Debug|Any CPU
		{FBD99AFF-C5C3-4788-8005-B349ED95F85E}.Debug|Any CPU.Build.0 = Debug|Any CPU
		{FBD99AFF-C5C3-4788-8005-B349ED95F85E}.Release|Any CPU.ActiveCfg = Release|Any CPU
		{FBD99AFF-C5C3-4788-8005-B349ED95F85E}.Release|Any CPU.Build.0 = Release|Any CPU
	EndGlobalSection
	GlobalSection(SolutionProperties) = preSolution
		HideSolutionNode = FALSE
	EndGlobalSection
	GlobalSection(ExtensibilityGlobals) = postSolution
		SolutionGuid = {4070E1DA-5AC2-4424-A389-CCFF488B2ABF}
	EndGlobalSection
EndGlobal
