
Microsoft Visual Studio Solution File, Format Version 12.00
# Visual Studio Version 16
VisualStudioVersion = 16.0.30002.166
MinimumVisualStudioVersion = 10.0.40219.1
Project("{FAE04EC0-301F-11D3-BF4B-00C04F79EFBC}") = "Esercizio2_Verifica_29042020", "Esercizio2_Verifica_29042020\Esercizio2_Verifica_29042020.csproj", "{523DBB1D-E404-423B-B99F-89981BD7F3CE}"
EndProject
Global
	GlobalSection(SolutionConfigurationPlatforms) = preSolution
		Debug|Any CPU = Debug|Any CPU
		Release|Any CPU = Release|Any CPU
	EndGlobalSection
	GlobalSection(ProjectConfigurationPlatforms) = postSolution
		{523DBB1D-E404-423B-B99F-89981BD7F3CE}.Debug|Any CPU.ActiveCfg = Debug|Any CPU
		{523DBB1D-E404-423B-B99F-89981BD7F3CE}.Debug|Any CPU.Build.0 = Debug|Any CPU
		{523DBB1D-E404-423B-B99F-89981BD7F3CE}.Release|Any CPU.ActiveCfg = Release|Any CPU
		{523DBB1D-E404-423B-B99F-89981BD7F3CE}.Release|Any CPU.Build.0 = Release|Any CPU
	EndGlobalSection
	GlobalSection(SolutionProperties) = preSolution
		HideSolutionNode = FALSE
	EndGlobalSection
	GlobalSection(ExtensibilityGlobals) = postSolution
		SolutionGuid = {3AA5EEE0-9B3E-48FC-A589-3506C271671C}
	EndGlobalSection
EndGlobal
