
Microsoft Visual Studio Solution File, Format Version 12.00
# Visual Studio Version 16
VisualStudioVersion = 16.0.30011.22
MinimumVisualStudioVersion = 10.0.40219.1
Project("{FAE04EC0-301F-11D3-BF4B-00C04F79EFBC}") = "Maccagnan.Northwind.web", "Maccagnan.Northwind.web\Maccagnan.Northwind.web.csproj", "{8FB85BC9-9B73-430F-8F6D-A8C02B4C6B73}"
EndProject
Project("{FAE04EC0-301F-11D3-BF4B-00C04F79EFBC}") = "Maccagnan.Northwind.Data", "Maccagnan.Northwind.Data\Maccagnan.Northwind.Data.csproj", "{46F157BC-AB8D-47DA-A5F9-85AEACC8C3CB}"
EndProject
Project("{FAE04EC0-301F-11D3-BF4B-00C04F79EFBC}") = "Maccagnan.Northwind.Models", "Maccagnan.Northwind.Models\Maccagnan.Northwind.Models.csproj", "{B1B7A978-4562-4BD6-8E31-4BDA763E0FB5}"
EndProject
Global
	GlobalSection(SolutionConfigurationPlatforms) = preSolution
		Debug|Any CPU = Debug|Any CPU
		Release|Any CPU = Release|Any CPU
	EndGlobalSection
	GlobalSection(ProjectConfigurationPlatforms) = postSolution
		{8FB85BC9-9B73-430F-8F6D-A8C02B4C6B73}.Debug|Any CPU.ActiveCfg = Debug|Any CPU
		{8FB85BC9-9B73-430F-8F6D-A8C02B4C6B73}.Debug|Any CPU.Build.0 = Debug|Any CPU
		{8FB85BC9-9B73-430F-8F6D-A8C02B4C6B73}.Release|Any CPU.ActiveCfg = Release|Any CPU
		{8FB85BC9-9B73-430F-8F6D-A8C02B4C6B73}.Release|Any CPU.Build.0 = Release|Any CPU
		{46F157BC-AB8D-47DA-A5F9-85AEACC8C3CB}.Debug|Any CPU.ActiveCfg = Debug|Any CPU
		{46F157BC-AB8D-47DA-A5F9-85AEACC8C3CB}.Debug|Any CPU.Build.0 = Debug|Any CPU
		{46F157BC-AB8D-47DA-A5F9-85AEACC8C3CB}.Release|Any CPU.ActiveCfg = Release|Any CPU
		{46F157BC-AB8D-47DA-A5F9-85AEACC8C3CB}.Release|Any CPU.Build.0 = Release|Any CPU
		{B1B7A978-4562-4BD6-8E31-4BDA763E0FB5}.Debug|Any CPU.ActiveCfg = Debug|Any CPU
		{B1B7A978-4562-4BD6-8E31-4BDA763E0FB5}.Debug|Any CPU.Build.0 = Debug|Any CPU
		{B1B7A978-4562-4BD6-8E31-4BDA763E0FB5}.Release|Any CPU.ActiveCfg = Release|Any CPU
		{B1B7A978-4562-4BD6-8E31-4BDA763E0FB5}.Release|Any CPU.Build.0 = Release|Any CPU
	EndGlobalSection
	GlobalSection(SolutionProperties) = preSolution
		HideSolutionNode = FALSE
	EndGlobalSection
	GlobalSection(ExtensibilityGlobals) = postSolution
		SolutionGuid = {19CD4073-8B56-4717-A778-B6CD213DE1BA}
	EndGlobalSection
EndGlobal
