
Microsoft Visual Studio Solution File, Format Version 12.00
# Visual Studio Version 16
VisualStudioVersion = 16.0.30002.166
MinimumVisualStudioVersion = 10.0.40219.1
Project("{FAE04EC0-301F-11D3-BF4B-00C04F79EFBC}") = "CS_20200422_Esercizio", "CS_20200422_Esercizio\CS_20200422_Esercizio.csproj", "{768AFDB9-FCC7-4C12-B19D-E046F925FAE1}"
EndProject
Global
	GlobalSection(SolutionConfigurationPlatforms) = preSolution
		Debug|Any CPU = Debug|Any CPU
		Release|Any CPU = Release|Any CPU
	EndGlobalSection
	GlobalSection(ProjectConfigurationPlatforms) = postSolution
		{768AFDB9-FCC7-4C12-B19D-E046F925FAE1}.Debug|Any CPU.ActiveCfg = Debug|Any CPU
		{768AFDB9-FCC7-4C12-B19D-E046F925FAE1}.Debug|Any CPU.Build.0 = Debug|Any CPU
		{768AFDB9-FCC7-4C12-B19D-E046F925FAE1}.Release|Any CPU.ActiveCfg = Release|Any CPU
		{768AFDB9-FCC7-4C12-B19D-E046F925FAE1}.Release|Any CPU.Build.0 = Release|Any CPU
	EndGlobalSection
	GlobalSection(SolutionProperties) = preSolution
		HideSolutionNode = FALSE
	EndGlobalSection
	GlobalSection(ExtensibilityGlobals) = postSolution
		SolutionGuid = {10C7E213-82BF-4000-AF40-21E2ED915A2D}
	EndGlobalSection
EndGlobal
