
Microsoft Visual Studio Solution File, Format Version 12.00
# Visual Studio Version 16
VisualStudioVersion = 16.0.30002.166
MinimumVisualStudioVersion = 10.0.40219.1
Project("{FAE04EC0-301F-11D3-BF4B-00C04F79EFBC}") = "CS_20200422", "CS_20200422\CS_20200422.csproj", "{BC498791-19A2-49BB-9D2C-0364CFBC1EA3}"
EndProject
Global
	GlobalSection(SolutionConfigurationPlatforms) = preSolution
		Debug|Any CPU = Debug|Any CPU
		Release|Any CPU = Release|Any CPU
	EndGlobalSection
	GlobalSection(ProjectConfigurationPlatforms) = postSolution
		{BC498791-19A2-49BB-9D2C-0364CFBC1EA3}.Debug|Any CPU.ActiveCfg = Debug|Any CPU
		{BC498791-19A2-49BB-9D2C-0364CFBC1EA3}.Debug|Any CPU.Build.0 = Debug|Any CPU
		{BC498791-19A2-49BB-9D2C-0364CFBC1EA3}.Release|Any CPU.ActiveCfg = Release|Any CPU
		{BC498791-19A2-49BB-9D2C-0364CFBC1EA3}.Release|Any CPU.Build.0 = Release|Any CPU
	EndGlobalSection
	GlobalSection(SolutionProperties) = preSolution
		HideSolutionNode = FALSE
	EndGlobalSection
	GlobalSection(ExtensibilityGlobals) = postSolution
		SolutionGuid = {06886C24-29DC-4B15-88E0-EEF9E2015B6B}
	EndGlobalSection
EndGlobal
